
Microsoft Visual Studio Solution File, Format Version 12.00
# Visual Studio Version 17
VisualStudioVersion = 17.1.32319.34
MinimumVisualStudioVersion = 10.0.40219.1
Project("{9A19103F-16F7-4668-BE54-9A1E7A4F7556}") = "CinemaPlatform.API", "CinemaPlatform\CinemaPlatform.API.csproj", "{2E89EE51-899C-467C-93FF-EA8CA606A47D}"
EndProject
Project("{9A19103F-16F7-4668-BE54-9A1E7A4F7556}") = "CinemaPlatform.Domain", "CinemaPlatform.Domain\CinemaPlatform.Domain.csproj", "{CCDBC089-2AB7-4EB6-98F8-69E016F1A272}"
EndProject
Project("{9A19103F-16F7-4668-BE54-9A1E7A4F7556}") = "CinemaPlatform.DAL", "CinemaPlatform.DAL\CinemaPlatform.DAL.csproj", "{F06C68C5-DBFB-4E8E-9D91-699AB907E3D4}"
EndProject
Project("{9A19103F-16F7-4668-BE54-9A1E7A4F7556}") = "CinemaPlatform.BLL", "CinemaPlatform.BLL\CinemaPlatform.BLL.csproj", "{8A56199B-E98B-4E30-8701-27D8300FBABE}"
EndProject
Project("{9A19103F-16F7-4668-BE54-9A1E7A4F7556}") = "CinemaPlatform.Common", "CinemaPlatform.Common\CinemaPlatform.Common.csproj", "{EBE14C78-7421-4167-B959-67A0A6AAC884}"
EndProject
Global
	GlobalSection(SolutionConfigurationPlatforms) = preSolution
		Debug|Any CPU = Debug|Any CPU
		Release|Any CPU = Release|Any CPU
	EndGlobalSection
	GlobalSection(ProjectConfigurationPlatforms) = postSolution
		{2E89EE51-899C-467C-93FF-EA8CA606A47D}.Debug|Any CPU.ActiveCfg = Debug|Any CPU
		{2E89EE51-899C-467C-93FF-EA8CA606A47D}.Debug|Any CPU.Build.0 = Debug|Any CPU
		{2E89EE51-899C-467C-93FF-EA8CA606A47D}.Release|Any CPU.ActiveCfg = Release|Any CPU
		{2E89EE51-899C-467C-93FF-EA8CA606A47D}.Release|Any CPU.Build.0 = Release|Any CPU
		{CCDBC089-2AB7-4EB6-98F8-69E016F1A272}.Debug|Any CPU.ActiveCfg = Debug|Any CPU
		{CCDBC089-2AB7-4EB6-98F8-69E016F1A272}.Debug|Any CPU.Build.0 = Debug|Any CPU
		{CCDBC089-2AB7-4EB6-98F8-69E016F1A272}.Release|Any CPU.ActiveCfg = Release|Any CPU
		{CCDBC089-2AB7-4EB6-98F8-69E016F1A272}.Release|Any CPU.Build.0 = Release|Any CPU
		{F06C68C5-DBFB-4E8E-9D91-699AB907E3D4}.Debug|Any CPU.ActiveCfg = Debug|Any CPU
		{F06C68C5-DBFB-4E8E-9D91-699AB907E3D4}.Debug|Any CPU.Build.0 = Debug|Any CPU
		{F06C68C5-DBFB-4E8E-9D91-699AB907E3D4}.Release|Any CPU.ActiveCfg = Release|Any CPU
		{F06C68C5-DBFB-4E8E-9D91-699AB907E3D4}.Release|Any CPU.Build.0 = Release|Any CPU
		{8A56199B-E98B-4E30-8701-27D8300FBABE}.Debug|Any CPU.ActiveCfg = Debug|Any CPU
		{8A56199B-E98B-4E30-8701-27D8300FBABE}.Debug|Any CPU.Build.0 = Debug|Any CPU
		{8A56199B-E98B-4E30-8701-27D8300FBABE}.Release|Any CPU.ActiveCfg = Release|Any CPU
		{8A56199B-E98B-4E30-8701-27D8300FBABE}.Release|Any CPU.Build.0 = Release|Any CPU
		{EBE14C78-7421-4167-B959-67A0A6AAC884}.Debug|Any CPU.ActiveCfg = Debug|Any CPU
		{EBE14C78-7421-4167-B959-67A0A6AAC884}.Debug|Any CPU.Build.0 = Debug|Any CPU
		{EBE14C78-7421-4167-B959-67A0A6AAC884}.Release|Any CPU.ActiveCfg = Release|Any CPU
		{EBE14C78-7421-4167-B959-67A0A6AAC884}.Release|Any CPU.Build.0 = Release|Any CPU
	EndGlobalSection
	GlobalSection(SolutionProperties) = preSolution
		HideSolutionNode = FALSE
	EndGlobalSection
	GlobalSection(ExtensibilityGlobals) = postSolution
		SolutionGuid = {6473AD7D-881D-4361-A09F-9BC3EA38E5A5}
	EndGlobalSection
EndGlobal
